// !$*UTF8*$!
{
	archiveVersion = 1;
	classes = {
	};
	objectVersion = 46;
	objects = {

/* Begin PBXBuildFile section */
		5BC2254B19181C9800DE1592 /* Foundation.framework in Frameworks */ = {isa = PBXBuildFile; fileRef = 5BC2254A19181C9800DE1592 /* Foundation.framework */; };
		5BC2254D19181C9800DE1592 /* CoreGraphics.framework in Frameworks */ = {isa = PBXBuildFile; fileRef = 5BC2254C19181C9800DE1592 /* CoreGraphics.framework */; };
		5BC2254F19181C9800DE1592 /* UIKit.framework in Frameworks */ = {isa = PBXBuildFile; fileRef = 5BC2254E19181C9800DE1592 /* UIKit.framework */; };
		5BC2255519181C9800DE1592 /* InfoPlist.strings in Resources */ = {isa = PBXBuildFile; fileRef = 5BC2255319181C9800DE1592 /* InfoPlist.strings */; };
		5BC2255719181C9800DE1592 /* main.m in Sources */ = {isa = PBXBuildFile; fileRef = 5BC2255619181C9800DE1592 /* main.m */; };
		5BC2255B19181C9800DE1592 /* MSAppDelegate.m in Sources */ = {isa = PBXBuildFile; fileRef = 5BC2255A19181C9800DE1592 /* MSAppDelegate.m */; };
		5BC2255E19181C9800DE1592 /* Main.storyboard in Resources */ = {isa = PBXBuildFile; fileRef = 5BC2255C19181C9800DE1592 /* Main.storyboard */; };
		5BC2256119181C9800DE1592 /* MSViewController.m in Sources */ = {isa = PBXBuildFile; fileRef = 5BC2256019181C9800DE1592 /* MSViewController.m */; };
		5BC2256319181C9800DE1592 /* Images.xcassets in Resources */ = {isa = PBXBuildFile; fileRef = 5BC2256219181C9800DE1592 /* Images.xcassets */; };
		5BC2256A19181C9900DE1592 /* XCTest.framework in Frameworks */ = {isa = PBXBuildFile; fileRef = 5BC2256919181C9900DE1592 /* XCTest.framework */; };
		5BC2256B19181C9900DE1592 /* Foundation.framework in Frameworks */ = {isa = PBXBuildFile; fileRef = 5BC2254A19181C9800DE1592 /* Foundation.framework */; };
		5BC2256C19181C9900DE1592 /* UIKit.framework in Frameworks */ = {isa = PBXBuildFile; fileRef = 5BC2254E19181C9800DE1592 /* UIKit.framework */; };
		5BC2257419181C9900DE1592 /* InfoPlist.strings in Resources */ = {isa = PBXBuildFile; fileRef = 5BC2257219181C9900DE1592 /* InfoPlist.strings */; };
		5BC2257619181C9900DE1592 /* UITableViewController_Challenge_SolutionTests.m in Sources */ = {isa = PBXBuildFile; fileRef = 5BC2257519181C9900DE1592 /* UITableViewController_Challenge_SolutionTests.m */; };
/* End PBXBuildFile section */

/* Begin PBXContainerItemProxy section */
		5BC2256D19181C9900DE1592 /* PBXContainerItemProxy */ = {
			isa = PBXContainerItemProxy;
			containerPortal = 5BC2253F19181C9800DE1592 /* Project object */;
			proxyType = 1;
			remoteGlobalIDString = 5BC2254619181C9800DE1592;
			remoteInfo = "UITableViewController Challenge Solution";
		};
/* End PBXContainerItemProxy section */

/* Begin PBXFileReference section */
		5BC2254719181C9800DE1592 /* UITableViewController Challenge Solution.app */ = {isa = PBXFileReference; explicitFileType = wrapper.application; includeInIndex = 0; path = "UITableViewController Challenge Solution.app"; sourceTree = BUILT_PRODUCTS_DIR; };
		5BC2254A19181C9800DE1592 /* Foundation.framework */ = {isa = PBXFileReference; lastKnownFileType = wrapper.framework; name = Foundation.framework; path = System/Library/Frameworks/Foundation.framework; sourceTree = SDKROOT; };
		5BC2254C19181C9800DE1592 /* CoreGraphics.framework */ = {isa = PBXFileReference; lastKnownFileType = wrapper.framework; name = CoreGraphics.framework; path = System/Library/Frameworks/CoreGraphics.framework; sourceTree = SDKROOT; };
		5BC2254E19181C9800DE1592 /* UIKit.framework */ = {isa = PBXFileReference; lastKnownFileType = wrapper.framework; name = UIKit.framework; path = System/Library/Frameworks/UIKit.framework; sourceTree = SDKROOT; };
		5BC2255219181C9800DE1592 /* UITableViewController Challenge Solution-Info.plist */ = {isa = PBXFileReference; lastKnownFileType = text.plist.xml; path = "UITableViewController Challenge Solution-Info.plist"; sourceTree = "<group>"; };
		5BC2255419181C9800DE1592 /* en */ = {isa = PBXFileReference; lastKnownFileType = text.plist.strings; name = en; path = en.lproj/InfoPlist.strings; sourceTree = "<group>"; };
		5BC2255619181C9800DE1592 /* main.m */ = {isa = PBXFileReference; lastKnownFileType = sourcecode.c.objc; path = main.m; sourceTree = "<group>"; };
		5BC2255819181C9800DE1592 /* UITableViewController Challenge Solution-Prefix.pch */ = {isa = PBXFileReference; lastKnownFileType = sourcecode.c.h; path = "UITableViewController Challenge Solution-Prefix.pch"; sourceTree = "<group>"; };
		5BC2255919181C9800DE1592 /* MSAppDelegate.h */ = {isa = PBXFileReference; lastKnownFileType = sourcecode.c.h; path = MSAppDelegate.h; sourceTree = "<group>"; };
		5BC2255A19181C9800DE1592 /* MSAppDelegate.m */ = {isa = PBXFileReference; lastKnownFileType = sourcecode.c.objc; path = MSAppDelegate.m; sourceTree = "<group>"; };
		5BC2255D19181C9800DE1592 /* Base */ = {isa = PBXFileReference; lastKnownFileType = file.storyboard; name = Base; path = Base.lproj/Main.storyboard; sourceTree = "<group>"; };
		5BC2255F19181C9800DE1592 /* MSViewController.h */ = {isa = PBXFileReference; lastKnownFileType = sourcecode.c.h; path = MSViewController.h; sourceTree = "<group>"; };
		5BC2256019181C9800DE1592 /* MSViewController.m */ = {isa = PBXFileReference; lastKnownFileType = sourcecode.c.objc; path = MSViewController.m; sourceTree = "<group>"; };
		5BC2256219181C9800DE1592 /* Images.xcassets */ = {isa = PBXFileReference; lastKnownFileType = folder.assetcatalog; path = Images.xcassets; sourceTree = "<group>"; };
		5BC2256819181C9900DE1592 /* UITableViewController Challenge SolutionTests.xctest */ = {isa = PBXFileReference; explicitFileType = wrapper.cfbundle; includeInIndex = 0; path = "UITableViewController Challenge SolutionTests.xctest"; sourceTree = BUILT_PRODUCTS_DIR; };
		5BC2256919181C9900DE1592 /* XCTest.framework */ = {isa = PBXFileReference; lastKnownFileType = wrapper.framework; name = XCTest.framework; path = Library/Frameworks/XCTest.framework; sourceTree = DEVELOPER_DIR; };
		5BC2257119181C9900DE1592 /* UITableViewController Challenge SolutionTests-Info.plist */ = {isa = PBXFileReference; lastKnownFileType = text.plist.xml; path = "UITableViewController Challenge SolutionTests-Info.plist"; sourceTree = "<group>"; };
		5BC2257319181C9900DE1592 /* en */ = {isa = PBXFileReference; lastKnownFileType = text.plist.strings; name = en; path = en.lproj/InfoPlist.strings; sourceTree = "<group>"; };
		5BC2257519181C9900DE1592 /* UITableViewController_Challenge_SolutionTests.m */ = {isa = PBXFileReference; lastKnownFileType = sourcecode.c.objc; path = UITableViewController_Challenge_SolutionTests.m; sourceTree = "<group>"; };
/* End PBXFileReference section */

/* Begin PBXFrameworksBuildPhase section */
		5BC2254419181C9800DE1592 /* Frameworks */ = {
			isa = PBXFrameworksBuildPhase;
			buildActionMask = 2147483647;
			files = (
				5BC2254D19181C9800DE1592 /* CoreGraphics.framework in Frameworks */,
				5BC2254F19181C9800DE1592 /* UIKit.framework in Frameworks */,
				5BC2254B19181C9800DE1592 /* Foundation.framework in Frameworks */,
			);
			runOnlyForDeploymentPostprocessing = 0;
		};
		5BC2256519181C9900DE1592 /* Frameworks */ = {
			isa = PBXFrameworksBuildPhase;
			buildActionMask = 2147483647;
			files = (
				5BC2256A19181C9900DE1592 /* XCTest.framework in Frameworks */,
				5BC2256C19181C9900DE1592 /* UIKit.framework in Frameworks */,
				5BC2256B19181C9900DE1592 /* Foundation.framework in Frameworks */,
			);
			runOnlyForDeploymentPostprocessing = 0;
		};
/* End PBXFrameworksBuildPhase section */

/* Begin PBXGroup section */
		5BC2253E19181C9800DE1592 = {
			isa = PBXGroup;
			children = (
				5BC2255019181C9800DE1592 /* UITableViewController Challenge Solution */,
				5BC2256F19181C9900DE1592 /* UITableViewController Challenge SolutionTests */,
				5BC2254919181C9800DE1592 /* Frameworks */,
				5BC2254819181C9800DE1592 /* Products */,
			);
			sourceTree = "<group>";
		};
		5BC2254819181C9800DE1592 /* Products */ = {
			isa = PBXGroup;
			children = (
				5BC2254719181C9800DE1592 /* UITableViewController Challenge Solution.app */,
				5BC2256819181C9900DE1592 /* UITableViewController Challenge SolutionTests.xctest */,
			);
			name = Products;
			sourceTree = "<group>";
		};
		5BC2254919181C9800DE1592 /* Frameworks */ = {
			isa = PBXGroup;
			children = (
				5BC2254A19181C9800DE1592 /* Foundation.framework */,
				5BC2254C19181C9800DE1592 /* CoreGraphics.framework */,
				5BC2254E19181C9800DE1592 /* UIKit.framework */,
				5BC2256919181C9900DE1592 /* XCTest.framework */,
			);
			name = Frameworks;
			sourceTree = "<group>";
		};
		5BC2255019181C9800DE1592 /* UITableViewController Challenge Solution */ = {
			isa = PBXGroup;
			children = (
				5BC2255919181C9800DE1592 /* MSAppDelegate.h */,
				5BC2255A19181C9800DE1592 /* MSAppDelegate.m */,
				5BC2255C19181C9800DE1592 /* Main.storyboard */,
				5BC2255F19181C9800DE1592 /* MSViewController.h */,
				5BC2256019181C9800DE1592 /* MSViewController.m */,
				5BC2256219181C9800DE1592 /* Images.xcassets */,
				5BC2255119181C9800DE1592 /* Supporting Files */,
			);
			path = "UITableViewController Challenge Solution";
			sourceTree = "<group>";
		};
		5BC2255119181C9800DE1592 /* Supporting Files */ = {
			isa = PBXGroup;
			children = (
				5BC2255219181C9800DE1592 /* UITableViewController Challenge Solution-Info.plist */,
				5BC2255319181C9800DE1592 /* InfoPlist.strings */,
				5BC2255619181C9800DE1592 /* main.m */,
				5BC2255819181C9800DE1592 /* UITableViewController Challenge Solution-Prefix.pch */,
			);
			name = "Supporting Files";
			sourceTree = "<group>";
		};
		5BC2256F19181C9900DE1592 /* UITableViewController Challenge SolutionTests */ = {
			isa = PBXGroup;
			children = (
				5BC2257519181C9900DE1592 /* UITableViewController_Challenge_SolutionTests.m */,
				5BC2257019181C9900DE1592 /* Supporting Files */,
			);
			path = "UITableViewController Challenge SolutionTests";
			sourceTree = "<group>";
		};
		5BC2257019181C9900DE1592 /* Supporting Files */ = {
			isa = PBXGroup;
			children = (
				5BC2257119181C9900DE1592 /* UITableViewController Challenge SolutionTests-Info.plist */,
				5BC2257219181C9900DE1592 /* InfoPlist.strings */,
			);
			name = "Supporting Files";
			sourceTree = "<group>";
		};
/* End PBXGroup section */

/* Begin PBXNativeTarget section */
		5BC2254619181C9800DE1592 /* UITableViewController Challenge Solution */ = {
			isa = PBXNativeTarget;
			buildConfigurationList = 5BC2257919181C9900DE1592 /* Build configuration list for PBXNativeTarget "UITableViewController Challenge Solution" */;
			buildPhases = (
				5BC2254319181C9800DE1592 /* Sources */,
				5BC2254419181C9800DE1592 /* Frameworks */,
				5BC2254519181C9800DE1592 /* Resources */,
			);
			buildRules = (
			);
			dependencies = (
			);
			name = "UITableViewController Challenge Solution";
			productName = "UITableViewController Challenge Solution";
			productReference = 5BC2254719181C9800DE1592 /* UITableViewController Challenge Solution.app */;
			productType = "com.apple.product-type.application";
		};
		5BC2256719181C9900DE1592 /* UITableViewController Challenge SolutionTests */ = {
			isa = PBXNativeTarget;
			buildConfigurationList = 5BC2257C19181C9900DE1592 /* Build configuration list for PBXNativeTarget "UITableViewController Challenge SolutionTests" */;
			buildPhases = (
				5BC2256419181C9900DE1592 /* Sources */,
				5BC2256519181C9900DE1592 /* Frameworks */,
				5BC2256619181C9900DE1592 /* Resources */,
			);
			buildRules = (
			);
			dependencies = (
				5BC2256E19181C9900DE1592 /* PBXTargetDependency */,
			);
			name = "UITableViewController Challenge SolutionTests";
			productName = "UITableViewController Challenge SolutionTests";
			productReference = 5BC2256819181C9900DE1592 /* UITableViewController Challenge SolutionTests.xctest */;
			productType = "com.apple.product-type.bundle.unit-test";
		};
/* End PBXNativeTarget section */

/* Begin PBXProject section */
		5BC2253F19181C9800DE1592 /* Project object */ = {
			isa = PBXProject;
			attributes = {
				CLASSPREFIX = MS;
				LastUpgradeCheck = 0510;
				ORGANIZATIONNAME = "Molecular Samples";
				TargetAttributes = {
					5BC2256719181C9900DE1592 = {
						TestTargetID = 5BC2254619181C9800DE1592;
					};
				};
			};
			buildConfigurationList = 5BC2254219181C9800DE1592 /* Build configuration list for PBXProject "UITableViewController Challenge Solution" */;
			compatibilityVersion = "Xcode 3.2";
			developmentRegion = English;
			hasScannedForEncodings = 0;
			knownRegions = (
				en,
				Base,
			);
			mainGroup = 5BC2253E19181C9800DE1592;
			productRefGroup = 5BC2254819181C9800DE1592 /* Products */;
			projectDirPath = "";
			projectRoot = "";
			targets = (
				5BC2254619181C9800DE1592 /* UITableViewController Challenge Solution */,
				5BC2256719181C9900DE1592 /* UITableViewController Challenge SolutionTests */,
			);
		};
/* End PBXProject section */

/* Begin PBXResourcesBuildPhase section */
		5BC2254519181C9800DE1592 /* Resources */ = {
			isa = PBXResourcesBuildPhase;
			buildActionMask = 2147483647;
			files = (
				5BC2256319181C9800DE1592 /* Images.xcassets in Resources */,
				5BC2255519181C9800DE1592 /* InfoPlist.strings in Resources */,
				5BC2255E19181C9800DE1592 /* Main.storyboard in Resources */,
			);
			runOnlyForDeploymentPostprocessing = 0;
		};
		5BC2256619181C9900DE1592 /* Resources */ = {
			isa = PBXResourcesBuildPhase;
			buildActionMask = 2147483647;
			files = (
				5BC2257419181C9900DE1592 /* InfoPlist.strings in Resources */,
			);
			runOnlyForDeploymentPostprocessing = 0;
		};
/* End PBXResourcesBuildPhase section */

/* Begin PBXSourcesBuildPhase section */
		5BC2254319181C9800DE1592 /* Sources */ = {
			isa = PBXSourcesBuildPhase;
			buildActionMask = 2147483647;
			files = (
				5BC2255B19181C9800DE1592 /* MSAppDelegate.m in Sources */,
				5BC2256119181C9800DE1592 /* MSViewController.m in Sources */,
				5BC2255719181C9800DE1592 /* main.m in Sources */,
			);
			runOnlyForDeploymentPostprocessing = 0;
		};
		5BC2256419181C9900DE1592 /* Sources */ = {
			isa = PBXSourcesBuildPhase;
			buildActionMask = 2147483647;
			files = (
				5BC2257619181C9900DE1592 /* UITableViewController_Challenge_SolutionTests.m in Sources */,
			);
			runOnlyForDeploymentPostprocessing = 0;
		};
/* End PBXSourcesBuildPhase section */

/* Begin PBXTargetDependency section */
		5BC2256E19181C9900DE1592 /* PBXTargetDependency */ = {
			isa = PBXTargetDependency;
			target = 5BC2254619181C9800DE1592 /* UITableViewController Challenge Solution */;
			targetProxy = 5BC2256D19181C9900DE1592 /* PBXContainerItemProxy */;
		};
/* End PBXTargetDependency section */

/* Begin PBXVariantGroup section */
		5BC2255319181C9800DE1592 /* InfoPlist.strings */ = {
			isa = PBXVariantGroup;
			children = (
				5BC2255419181C9800DE1592 /* en */,
			);
			name = InfoPlist.strings;
			sourceTree = "<group>";
		};
		5BC2255C19181C9800DE1592 /* Main.storyboard */ = {
			isa = PBXVariantGroup;
			children = (
				5BC2255D19181C9800DE1592 /* Base */,
			);
			name = Main.storyboard;
			sourceTree = "<group>";
		};
		5BC2257219181C9900DE1592 /* InfoPlist.strings */ = {
			isa = PBXVariantGroup;
			children = (
				5BC2257319181C9900DE1592 /* en */,
			);
			name = InfoPlist.strings;
			sourceTree = "<group>";
		};
/* End PBXVariantGroup section */

/* Begin XCBuildConfiguration section */
		5BC2257719181C9900DE1592 /* Debug */ = {
			isa = XCBuildConfiguration;
			buildSettings = {
				ALWAYS_SEARCH_USER_PATHS = NO;
				CLANG_CXX_LANGUAGE_STANDARD = "gnu++0x";
				CLANG_CXX_LIBRARY = "libc++";
				CLANG_ENABLE_MODULES = YES;
				CLANG_ENABLE_OBJC_ARC = YES;
				CLANG_WARN_BOOL_CONVERSION = YES;
				CLANG_WARN_CONSTANT_CONVERSION = YES;
				CLANG_WARN_DIRECT_OBJC_ISA_USAGE = YES_ERROR;
				CLANG_WARN_EMPTY_BODY = YES;
				CLANG_WARN_ENUM_CONVERSION = YES;
				CLANG_WARN_INT_CONVERSION = YES;
				CLANG_WARN_OBJC_ROOT_CLASS = YES_ERROR;
				CLANG_WARN__DUPLICATE_METHOD_MATCH = YES;
				"CODE_SIGN_IDENTITY[sdk=iphoneos*]" = "iPhone Developer";
				COPY_PHASE_STRIP = NO;
				GCC_C_LANGUAGE_STANDARD = gnu99;
				GCC_DYNAMIC_NO_PIC = NO;
				GCC_OPTIMIZATION_LEVEL = 0;
				GCC_PREPROCESSOR_DEFINITIONS = (
					"DEBUG=1",
					"$(inherited)",
				);
				GCC_SYMBOLS_PRIVATE_EXTERN = NO;
				GCC_WARN_64_TO_32_BIT_CONVERSION = YES;
				GCC_WARN_ABOUT_RETURN_TYPE = YES_ERROR;
				GCC_WARN_UNDECLARED_SELECTOR = YES;
				GCC_WARN_UNINITIALIZED_AUTOS = YES_AGGRESSIVE;
				GCC_WARN_UNUSED_FUNCTION = YES;
				GCC_WARN_UNUSED_VARIABLE = YES;
				IPHONEOS_DEPLOYMENT_TARGET = 7.1;
				ONLY_ACTIVE_ARCH = YES;
				SDKROOT = iphoneos;
			};
			name = Debug;
		};
		5BC2257819181C9900DE1592 /* Release */ = {
			isa = XCBuildConfiguration;
			buildSettings = {
				ALWAYS_SEARCH_USER_PATHS = NO;
				CLANG_CXX_LANGUAGE_STANDARD = "gnu++0x";
				CLANG_CXX_LIBRARY = "libc++";
				CLANG_ENABLE_MODULES = YES;
				CLANG_ENABLE_OBJC_ARC = YES;
				CLANG_WARN_BOOL_CONVERSION = YES;
				CLANG_WARN_CONSTANT_CONVERSION = YES;
				CLANG_WARN_DIRECT_OBJC_ISA_USAGE = YES_ERROR;
				CLANG_WARN_EMPTY_BODY = YES;
				CLANG_WARN_ENUM_CONVERSION = YES;
				CLANG_WARN_INT_CONVERSION = YES;
				CLANG_WARN_OBJC_ROOT_CLASS = YES_ERROR;
				CLANG_WARN__DUPLICATE_METHOD_MATCH = YES;
				"CODE_SIGN_IDENTITY[sdk=iphoneos*]" = "iPhone Developer";
				COPY_PHASE_STRIP = YES;
				ENABLE_NS_ASSERTIONS = NO;
				GCC_C_LANGUAGE_STANDARD = gnu99;
				GCC_WARN_64_TO_32_BIT_CONVERSION = YES;
				GCC_WARN_ABOUT_RETURN_TYPE = YES_ERROR;
				GCC_WARN_UNDECLARED_SELECTOR = YES;
				GCC_WARN_UNINITIALIZED_AUTOS = YES_AGGRESSIVE;
				GCC_WARN_UNUSED_FUNCTION = YES;
				GCC_WARN_UNUSED_VARIABLE = YES;
				IPHONEOS_DEPLOYMENT_TARGET = 7.1;
				SDKROOT = iphoneos;
				VALIDATE_PRODUCT = YES;
			};
			name = Release;
		};
		5BC2257A19181C9900DE1592 /* Debug */ = {
			isa = XCBuildConfiguration;
			buildSettings = {
				ASSETCATALOG_COMPILER_APPICON_NAME = AppIcon;
				ASSETCATALOG_COMPILER_LAUNCHIMAGE_NAME = LaunchImage;
				GCC_PRECOMPILE_PREFIX_HEADER = YES;
				GCC_PREFIX_HEADER = "UITableViewController Challenge Solution/UITableViewController Challenge Solution-Prefix.pch";
				INFOPLIST_FILE = "UITableViewController Challenge Solution/UITableViewController Challenge Solution-Info.plist";
				PRODUCT_NAME = "$(TARGET_NAME)";
				WRAPPER_EXTENSION = app;
			};
			name = Debug;
		};
		5BC2257B19181C9900DE1592 /* Release */ = {
			isa = XCBuildConfiguration;
			buildSettings = {
				ASSETCATALOG_COMPILER_APPICON_NAME = AppIcon;
				ASSETCATALOG_COMPILER_LAUNCHIMAGE_NAME = LaunchImage;
				GCC_PRECOMPILE_PREFIX_HEADER = YES;
				GCC_PREFIX_HEADER = "UITableViewController Challenge Solution/UITableViewController Challenge Solution-Prefix.pch";
				INFOPLIST_FILE = "UITableViewController Challenge Solution/UITableViewController Challenge Solution-Info.plist";
				PRODUCT_NAME = "$(TARGET_NAME)";
				WRAPPER_EXTENSION = app;
			};
			name = Release;
		};
		5BC2257D19181C9900DE1592 /* Debug */ = {
			isa = XCBuildConfiguration;
			buildSettings = {
				BUNDLE_LOADER = "$(BUILT_PRODUCTS_DIR)/UITableViewController Challenge Solution.app/UITableViewController Challenge Solution";
				FRAMEWORK_SEARCH_PATHS = (
					"$(SDKROOT)/Developer/Library/Frameworks",
					"$(inherited)",
					"$(DEVELOPER_FRAMEWORKS_DIR)",
				);
				GCC_PRECOMPILE_PREFIX_HEADER = YES;
				GCC_PREFIX_HEADER = "UITableViewController Challenge Solution/UITableViewController Challenge Solution-Prefix.pch";
				GCC_PREPROCESSOR_DEFINITIONS = (
					"DEBUG=1",
					"$(inherited)",
				);
				INFOPLIST_FILE = "UITableViewController Challenge SolutionTests/UITableViewController Challenge SolutionTests-Info.plist";
				PRODUCT_NAME = "$(TARGET_NAME)";
				TEST_HOST = "$(BUNDLE_LOADER)";
				WRAPPER_EXTENSION = xctest;
			};
			name = Debug;
		};
		5BC2257E19181C9900DE1592 /* Release */ = {
			isa = XCBuildConfiguration;
			buildSettings = {
				BUNDLE_LOADER = "$(BUILT_PRODUCTS_DIR)/UITableViewController Challenge Solution.app/UITableViewController Challenge Solution";
				FRAMEWORK_SEARCH_PATHS = (
					"$(SDKROOT)/Developer/Library/Frameworks",
					"$(inherited)",
					"$(DEVELOPER_FRAMEWORKS_DIR)",
				);
				GCC_PRECOMPILE_PREFIX_HEADER = YES;
				GCC_PREFIX_HEADER = "UITableViewController Challenge Solution/UITableViewController Challenge Solution-Prefix.pch";
				INFOPLIST_FILE = "UITableViewController Challenge SolutionTests/UITableViewController Challenge SolutionTests-Info.plist";
				PRODUCT_NAME = "$(TARGET_NAME)";
				TEST_HOST = "$(BUNDLE_LOADER)";
				WRAPPER_EXTENSION = xctest;
			};
			name = Release;
		};
/* End XCBuildConfiguration section */

/* Begin XCConfigurationList section */
		5BC2254219181C9800DE1592 /* Build configuration list for PBXProject "UITableViewController Challenge Solution" */ = {
			isa = XCConfigurationList;
			buildConfigurations = (
				5BC2257719181C9900DE1592 /* Debug */,
				5BC2257819181C9900DE1592 /* Release */,
			);
			defaultConfigurationIsVisible = 0;
			defaultConfigurationName = Release;
		};
		5BC2257919181C9900DE1592 /* Build configuration list for PBXNativeTarget "UITableViewController Challenge Solution" */ = {
			isa = XCConfigurationList;
			buildConfigurations = (
				5BC2257A19181C9900DE1592 /* Debug */,
				5BC2257B19181C9900DE1592 /* Release */,
			);
			defaultConfigurationIsVisible = 0;
		};
		5BC2257C19181C9900DE1592 /* Build configuration list for PBXNativeTarget "UITableViewController Challenge SolutionTests" */ = {
			isa = XCConfigurationList;
			buildConfigurations = (
				5BC2257D19181C9900DE1592 /* Debug */,
				5BC2257E19181C9900DE1592 /* Release */,
			);
			defaultConfigurationIsVisible = 0;
		};
/* End XCConfigurationList section */
	};
	rootObject = 5BC2253F19181C9800DE1592 /* Project object */;
}
